github.com/ccssmnn/hego v0.0.0-20220220103052-7e3e58211887 h1:eqwr+mKeGehLl7wA/l/R7JzQBzQeNhrHBWvNvvLN7u4=
github.com/ccssmnn/hego v0.0.0-20220220103052-7e3e58211887/go.mod h1:Op2oC3Vq605c3LF5E3emWKpqZHb94FzpsqIU2n/1UIk=
github.com/ethereum/go-ethereum v1.11.6 h1:2VF8Mf7XiSUfmoNOy3D+ocfl9Qu8baQBrCNbo2CXQ8E=
github.com/ethereum/go-ethereum v1.11.6/go.mod h1:+a8pUj1tOyJ2RinsNQD4326YS+leSoKGiG/uVVb0x6Y=
github.com/holiman/uint256 v1.2.2 h1:TXKcSGc2WaxPD2+bmzAsVthL4+pEN0YwXcL5qED83vk=
github.com/holiman/uint256 v1.2.2/go.mod h1:SC8Ryt4n+UBbPbIBKaG9zbbDlp4jOru9xFZmPzLUTxw=
github.com/soypat/mu8 v0.7.1 h1:DpPmqohtcnqTZnX+oCZxuty6zKDgvYAwuzGQD94SntI=
github.com/soypat/mu8 v0.7.1/go.mod h1:5AB250CMShwsU2EukxhSee9o9WWt/2swS2yYvP/JDLQ=
golang.org/x/crypto v0.1.0 h1:MDRAIl0xIo9Io2xV565hzXHw3zVseKrJKodhohM5CjU=
golang.org/x/crypto v0.1.0/go.mod h1:RecgLatLF4+eUMCP1PoPZQb+cVrJcOPbHkTkbkB9sbw=
golang.org/x/sys v0.6.0 h1:MVltZSvRTcU2ljQOhs94SXPftV6DCNnZViHeQps87pQ=
golang.org/x/sys v0.6.0/go.mod h1:oPkhp1MJrh7nUepCBck5+mAzfO9JrbApNNgaTdGDITg=
